
Microsoft Visual Studio Solution File, Format Version 12.00
# Visual Studio Version 16
VisualStudioVersion = 16.0.31129.286
MinimumVisualStudioVersion = 10.0.40219.1
Project("{FAE04EC0-301F-11D3-BF4B-00C04F79EFBC}") = "ElementDemos", "ElementDemos\ElementDemos.csproj", "{1863440D-D911-431E-897C-69AE8A0AE98D}"
EndProject
Global
	GlobalSection(SolutionConfigurationPlatforms) = preSolution
		Debug|Any CPU = Debug|Any CPU
		Release|Any CPU = Release|Any CPU
	EndGlobalSection
	GlobalSection(ProjectConfigurationPlatforms) = postSolution
		{1863440D-D911-431E-897C-69AE8A0AE98D}.Debug|Any CPU.ActiveCfg = Debug|Any CPU
		{1863440D-D911-431E-897C-69AE8A0AE98D}.Debug|Any CPU.Build.0 = Debug|Any CPU
		{1863440D-D911-431E-897C-69AE8A0AE98D}.Release|Any CPU.ActiveCfg = Release|Any CPU
		{1863440D-D911-431E-897C-69AE8A0AE98D}.Release|Any CPU.Build.0 = Release|Any CPU
	EndGlobalSection
	GlobalSection(SolutionProperties) = preSolution
		HideSolutionNode = FALSE
	EndGlobalSection
	GlobalSection(ExtensibilityGlobals) = postSolution
		SolutionGuid = {70DCC7F3-BABA-4B29-B293-54924B93C09D}
	EndGlobalSection
EndGlobal
